// !$*UTF8*$!
{
	archiveVersion = 1;
	classes = {
	};
	objectVersion = 50;
	objects = {

/* Begin PBXBuildFile section */
		0AB7FB83D1E0E7B0E39EBC6C /* Pods_ListDetailCodingExerciseUITests.framework in Frameworks */ = {isa = PBXBuildFile; fileRef = AB8D6D90844DB6E520087726 /* Pods_ListDetailCodingExerciseUITests.framework */; };
		268E1A9ED6C002F1389732BE /* Pods_ListDetailCodingExercise.framework in Frameworks */ = {isa = PBXBuildFile; fileRef = C78943BA0D6CDD1626C404C5 /* Pods_ListDetailCodingExercise.framework */; };
		A9D70E983C6F6160DC620C25 /* Pods_ListDetailCodingExerciseTests.framework in Frameworks */ = {isa = PBXBuildFile; fileRef = 36C768D644CD2A09BE5D88E7 /* Pods_ListDetailCodingExerciseTests.framework */; };
		D3A5846C217BF248004435FA /* AppDelegate.swift in Sources */ = {isa = PBXBuildFile; fileRef = D3A5846B217BF248004435FA /* AppDelegate.swift */; };
		D3A5846E217BF248004435FA /* ProCompanyListViewController.swift in Sources */ = {isa = PBXBuildFile; fileRef = D3A5846D217BF248004435FA /* ProCompanyListViewController.swift */; };
		D3A58473217BF249004435FA /* Assets.xcassets in Resources */ = {isa = PBXBuildFile; fileRef = D3A58472217BF249004435FA /* Assets.xcassets */; };
		D3A58476217BF249004435FA /* LaunchScreen.storyboard in Resources */ = {isa = PBXBuildFile; fileRef = D3A58474217BF249004435FA /* LaunchScreen.storyboard */; };
		D3A58481217BF249004435FA /* ListDetailCodingExerciseTests.swift in Sources */ = {isa = PBXBuildFile; fileRef = D3A58480217BF249004435FA /* ListDetailCodingExerciseTests.swift */; };
		D3A5848C217BF249004435FA /* ListDetailCodingExerciseUITests.swift in Sources */ = {isa = PBXBuildFile; fileRef = D3A5848B217BF249004435FA /* ListDetailCodingExerciseUITests.swift */; };
		D3A584A9217BFAC5004435FA /* Podfile.lock in Resources */ = {isa = PBXBuildFile; fileRef = D3A584A8217BFAC5004435FA /* Podfile.lock */; };
		D3A584B3217C059E004435FA /* Main.storyboard in Resources */ = {isa = PBXBuildFile; fileRef = D3A584B2217C059E004435FA /* Main.storyboard */; };
		D3A584BB217C0837004435FA /* ProCompanyEndpoint.swift in Sources */ = {isa = PBXBuildFile; fileRef = D3A584BA217C0837004435FA /* ProCompanyEndpoint.swift */; };
		D3A584BD217C083F004435FA /* ProCompanyService.swift in Sources */ = {isa = PBXBuildFile; fileRef = D3A584BC217C083F004435FA /* ProCompanyService.swift */; };
		D3A584BF217C092E004435FA /* BaseService.swift in Sources */ = {isa = PBXBuildFile; fileRef = D3A584BE217C092E004435FA /* BaseService.swift */; };
		D3A584C1217C0AAE004435FA /* ProCompany.swift in Sources */ = {isa = PBXBuildFile; fileRef = D3A584C0217C0AAE004435FA /* ProCompany.swift */; };
		D3A584C6217C0C39004435FA /* ProCompanyListPresenter.swift in Sources */ = {isa = PBXBuildFile; fileRef = D3A584C5217C0C39004435FA /* ProCompanyListPresenter.swift */; };
		D3A584C8217C0CA9004435FA /* ProCompanyViewable.swift in Sources */ = {isa = PBXBuildFile; fileRef = D3A584C7217C0CA9004435FA /* ProCompanyViewable.swift */; };
		D3A584CA217C0CEB004435FA /* ProCompanyViewModel.swift in Sources */ = {isa = PBXBuildFile; fileRef = D3A584C9217C0CEB004435FA /* ProCompanyViewModel.swift */; };
		D3A584CC217C1171004435FA /* ProCompanyRepository.swift in Sources */ = {isa = PBXBuildFile; fileRef = D3A584CB217C1171004435FA /* ProCompanyRepository.swift */; };
		D3A584CF217C156C004435FA /* ProCompanyTableViewCell.xib in Resources */ = {isa = PBXBuildFile; fileRef = D3A584CE217C156C004435FA /* ProCompanyTableViewCell.xib */; };
		D3A584D1217C1577004435FA /* ProCompanyTableViewCell.swift in Sources */ = {isa = PBXBuildFile; fileRef = D3A584D0217C1577004435FA /* ProCompanyTableViewCell.swift */; };
		D3A584D3217C1BC7004435FA /* ProCompanyListViewModel.swift in Sources */ = {isa = PBXBuildFile; fileRef = D3A584D2217C1BC7004435FA /* ProCompanyListViewModel.swift */; };
		D3A584D5217C242C004435FA /* ProCompanyDetailViewController.swift in Sources */ = {isa = PBXBuildFile; fileRef = D3A584D4217C242C004435FA /* ProCompanyDetailViewController.swift */; };
		D3A584DB217C2601004435FA /* ProCompanyDetailViewController.xib in Resources */ = {isa = PBXBuildFile; fileRef = D3A584DA217C2601004435FA /* ProCompanyDetailViewController.xib */; };
		D3A584DD217C284A004435FA /* README.md in Resources */ = {isa = PBXBuildFile; fileRef = D3A584DC217C284A004435FA /* README.md */; };
		D3A584E1217C2FD4004435FA /* CallToActionButton.swift in Sources */ = {isa = PBXBuildFile; fileRef = D3A584E0217C2FD4004435FA /* CallToActionButton.swift */; };
		D3A584E3217C3258004435FA /* Colors.xcassets in Resources */ = {isa = PBXBuildFile; fileRef = D3A584E2217C3258004435FA /* Colors.xcassets */; };
		D3A584E6217C32CE004435FA /* ApplicationColor.swift in Sources */ = {isa = PBXBuildFile; fileRef = D3A584E5217C32CE004435FA /* ApplicationColor.swift */; };
/* End PBXBuildFile section */

/* Begin PBXContainerItemProxy section */
		D3A5847D217BF249004435FA /* PBXContainerItemProxy */ = {
			isa = PBXContainerItemProxy;
			containerPortal = D3A58460217BF248004435FA /* Project object */;
			proxyType = 1;
			remoteGlobalIDString = D3A58467217BF248004435FA;
			remoteInfo = ListDetailCodingExercise;
		};
		D3A58488217BF249004435FA /* PBXContainerItemProxy */ = {
			isa = PBXContainerItemProxy;
			containerPortal = D3A58460217BF248004435FA /* Project object */;
			proxyType = 1;
			remoteGlobalIDString = D3A58467217BF248004435FA;
			remoteInfo = ListDetailCodingExercise;
		};
/* End PBXContainerItemProxy section */

/* Begin PBXFileReference section */
		0ACC176A8E958C3E02F8BA30 /* Pods-ListDetailCodingExerciseTests.debug.xcconfig */ = {isa = PBXFileReference; includeInIndex = 1; lastKnownFileType = text.xcconfig; name = "Pods-ListDetailCodingExerciseTests.debug.xcconfig"; path = "Pods/Target Support Files/Pods-ListDetailCodingExerciseTests/Pods-ListDetailCodingExerciseTests.debug.xcconfig"; sourceTree = "<group>"; };
		36C768D644CD2A09BE5D88E7 /* Pods_ListDetailCodingExerciseTests.framework */ = {isa = PBXFileReference; explicitFileType = wrapper.framework; includeInIndex = 0; path = Pods_ListDetailCodingExerciseTests.framework; sourceTree = BUILT_PRODUCTS_DIR; };
		4D5B71052C2F61511B45118A /* Pods-ListDetailCodingExercise.debug.xcconfig */ = {isa = PBXFileReference; includeInIndex = 1; lastKnownFileType = text.xcconfig; name = "Pods-ListDetailCodingExercise.debug.xcconfig"; path = "Pods/Target Support Files/Pods-ListDetailCodingExercise/Pods-ListDetailCodingExercise.debug.xcconfig"; sourceTree = "<group>"; };
		50E9F1413A115B592714A579 /* Pods-ListDetailCodingExerciseUITests.release.xcconfig */ = {isa = PBXFileReference; includeInIndex = 1; lastKnownFileType = text.xcconfig; name = "Pods-ListDetailCodingExerciseUITests.release.xcconfig"; path = "Pods/Target Support Files/Pods-ListDetailCodingExerciseUITests/Pods-ListDetailCodingExerciseUITests.release.xcconfig"; sourceTree = "<group>"; };
		5CEFFEBFA74E5F368DAD9D98 /* Pods-ListDetailCodingExerciseUITests.debug.xcconfig */ = {isa = PBXFileReference; includeInIndex = 1; lastKnownFileType = text.xcconfig; name = "Pods-ListDetailCodingExerciseUITests.debug.xcconfig"; path = "Pods/Target Support Files/Pods-ListDetailCodingExerciseUITests/Pods-ListDetailCodingExerciseUITests.debug.xcconfig"; sourceTree = "<group>"; };
		90288B132DBA67CDAB2784EB /* Pods-ListDetailCodingExerciseTests.release.xcconfig */ = {isa = PBXFileReference; includeInIndex = 1; lastKnownFileType = text.xcconfig; name = "Pods-ListDetailCodingExerciseTests.release.xcconfig"; path = "Pods/Target Support Files/Pods-ListDetailCodingExerciseTests/Pods-ListDetailCodingExerciseTests.release.xcconfig"; sourceTree = "<group>"; };
		AB8D6D90844DB6E520087726 /* Pods_ListDetailCodingExerciseUITests.framework */ = {isa = PBXFileReference; explicitFileType = wrapper.framework; includeInIndex = 0; path = Pods_ListDetailCodingExerciseUITests.framework; sourceTree = BUILT_PRODUCTS_DIR; };
		C78943BA0D6CDD1626C404C5 /* Pods_ListDetailCodingExercise.framework */ = {isa = PBXFileReference; explicitFileType = wrapper.framework; includeInIndex = 0; path = Pods_ListDetailCodingExercise.framework; sourceTree = BUILT_PRODUCTS_DIR; };
		D30433F543D6FAF62BEF99E6 /* Pods-ListDetailCodingExercise.release.xcconfig */ = {isa = PBXFileReference; includeInIndex = 1; lastKnownFileType = text.xcconfig; name = "Pods-ListDetailCodingExercise.release.xcconfig"; path = "Pods/Target Support Files/Pods-ListDetailCodingExercise/Pods-ListDetailCodingExercise.release.xcconfig"; sourceTree = "<group>"; };
		D3A58468217BF248004435FA /* ListDetailCodingExercise.app */ = {isa = PBXFileReference; explicitFileType = wrapper.application; includeInIndex = 0; path = ListDetailCodingExercise.app; sourceTree = BUILT_PRODUCTS_DIR; };
		D3A5846B217BF248004435FA /* AppDelegate.swift */ = {isa = PBXFileReference; lastKnownFileType = sourcecode.swift; path = AppDelegate.swift; sourceTree = "<group>"; };
		D3A5846D217BF248004435FA /* ProCompanyListViewController.swift */ = {isa = PBXFileReference; lastKnownFileType = sourcecode.swift; path = ProCompanyListViewController.swift; sourceTree = "<group>"; };
		D3A58472217BF249004435FA /* Assets.xcassets */ = {isa = PBXFileReference; lastKnownFileType = folder.assetcatalog; path = Assets.xcassets; sourceTree = "<group>"; };
		D3A58475217BF249004435FA /* Base */ = {isa = PBXFileReference; lastKnownFileType = file.storyboard; name = Base; path = Base.lproj/LaunchScreen.storyboard; sourceTree = "<group>"; };
		D3A58477217BF249004435FA /* Info.plist */ = {isa = PBXFileReference; lastKnownFileType = text.plist.xml; path = Info.plist; sourceTree = "<group>"; };
		D3A5847C217BF249004435FA /* ListDetailCodingExerciseTests.xctest */ = {isa = PBXFileReference; explicitFileType = wrapper.cfbundle; includeInIndex = 0; path = ListDetailCodingExerciseTests.xctest; sourceTree = BUILT_PRODUCTS_DIR; };
		D3A58480217BF249004435FA /* ListDetailCodingExerciseTests.swift */ = {isa = PBXFileReference; lastKnownFileType = sourcecode.swift; path = ListDetailCodingExerciseTests.swift; sourceTree = "<group>"; };
		D3A58482217BF249004435FA /* Info.plist */ = {isa = PBXFileReference; lastKnownFileType = text.plist.xml; path = Info.plist; sourceTree = "<group>"; };
		D3A58487217BF249004435FA /* ListDetailCodingExerciseUITests.xctest */ = {isa = PBXFileReference; explicitFileType = wrapper.cfbundle; includeInIndex = 0; path = ListDetailCodingExerciseUITests.xctest; sourceTree = BUILT_PRODUCTS_DIR; };
		D3A5848B217BF249004435FA /* ListDetailCodingExerciseUITests.swift */ = {isa = PBXFileReference; lastKnownFileType = sourcecode.swift; path = ListDetailCodingExerciseUITests.swift; sourceTree = "<group>"; };
		D3A5848D217BF249004435FA /* Info.plist */ = {isa = PBXFileReference; lastKnownFileType = text.plist.xml; path = Info.plist; sourceTree = "<group>"; };
		D3A58499217BF2F9004435FA /* Podfile */ = {isa = PBXFileReference; lastKnownFileType = text; path = Podfile; sourceTree = "<group>"; xcLanguageSpecificationIdentifier = xcode.lang.ruby; };
		D3A5849B217BF4C2004435FA /* .gitignore */ = {isa = PBXFileReference; lastKnownFileType = text; path = .gitignore; sourceTree = "<group>"; };
		D3A5849D217BF58A004435FA /* .swiftlint.yml */ = {isa = PBXFileReference; lastKnownFileType = text; path = .swiftlint.yml; sourceTree = "<group>"; };
		D3A584A8217BFAC5004435FA /* Podfile.lock */ = {isa = PBXFileReference; fileEncoding = 4; lastKnownFileType = text; path = Podfile.lock; sourceTree = "<group>"; };
		D3A584B2217C059E004435FA /* Main.storyboard */ = {isa = PBXFileReference; lastKnownFileType = file.storyboard; path = Main.storyboard; sourceTree = "<group>"; };
		D3A584BA217C0837004435FA /* ProCompanyEndpoint.swift */ = {isa = PBXFileReference; lastKnownFileType = sourcecode.swift; path = ProCompanyEndpoint.swift; sourceTree = "<group>"; };
		D3A584BC217C083F004435FA /* ProCompanyService.swift */ = {isa = PBXFileReference; lastKnownFileType = sourcecode.swift; path = ProCompanyService.swift; sourceTree = "<group>"; };
		D3A584BE217C092E004435FA /* BaseService.swift */ = {isa = PBXFileReference; lastKnownFileType = sourcecode.swift; path = BaseService.swift; sourceTree = "<group>"; };
		D3A584C0217C0AAE004435FA /* ProCompany.swift */ = {isa = PBXFileReference; lastKnownFileType = sourcecode.swift; path = ProCompany.swift; sourceTree = "<group>"; };
		D3A584C5217C0C39004435FA /* ProCompanyListPresenter.swift */ = {isa = PBXFileReference; lastKnownFileType = sourcecode.swift; path = ProCompanyListPresenter.swift; sourceTree = "<group>"; };
		D3A584C7217C0CA9004435FA /* ProCompanyViewable.swift */ = {isa = PBXFileReference; lastKnownFileType = sourcecode.swift; path = ProCompanyViewable.swift; sourceTree = "<group>"; };
		D3A584C9217C0CEB004435FA /* ProCompanyViewModel.swift */ = {isa = PBXFileReference; lastKnownFileType = sourcecode.swift; path = ProCompanyViewModel.swift; sourceTree = "<group>"; };
		D3A584CB217C1171004435FA /* ProCompanyRepository.swift */ = {isa = PBXFileReference; lastKnownFileType = sourcecode.swift; path = ProCompanyRepository.swift; sourceTree = "<group>"; };
		D3A584CE217C156C004435FA /* ProCompanyTableViewCell.xib */ = {isa = PBXFileReference; lastKnownFileType = file.xib; path = ProCompanyTableViewCell.xib; sourceTree = "<group>"; };
		D3A584D0217C1577004435FA /* ProCompanyTableViewCell.swift */ = {isa = PBXFileReference; lastKnownFileType = sourcecode.swift; path = ProCompanyTableViewCell.swift; sourceTree = "<group>"; };
		D3A584D2217C1BC7004435FA /* ProCompanyListViewModel.swift */ = {isa = PBXFileReference; lastKnownFileType = sourcecode.swift; path = ProCompanyListViewModel.swift; sourceTree = "<group>"; };
		D3A584D4217C242C004435FA /* ProCompanyDetailViewController.swift */ = {isa = PBXFileReference; lastKnownFileType = sourcecode.swift; path = ProCompanyDetailViewController.swift; sourceTree = "<group>"; };
		D3A584DA217C2601004435FA /* ProCompanyDetailViewController.xib */ = {isa = PBXFileReference; lastKnownFileType = file.xib; path = ProCompanyDetailViewController.xib; sourceTree = "<group>"; };
		D3A584DC217C284A004435FA /* README.md */ = {isa = PBXFileReference; lastKnownFileType = net.daringfireball.markdown; path = README.md; sourceTree = "<group>"; };
		D3A584E0217C2FD4004435FA /* CallToActionButton.swift */ = {isa = PBXFileReference; lastKnownFileType = sourcecode.swift; path = CallToActionButton.swift; sourceTree = "<group>"; };
		D3A584E2217C3258004435FA /* Colors.xcassets */ = {isa = PBXFileReference; lastKnownFileType = folder.assetcatalog; path = Colors.xcassets; sourceTree = "<group>"; };
		D3A584E5217C32CE004435FA /* ApplicationColor.swift */ = {isa = PBXFileReference; lastKnownFileType = sourcecode.swift; path = ApplicationColor.swift; sourceTree = "<group>"; };
/* End PBXFileReference section */

/* Begin PBXFrameworksBuildPhase section */
		D3A58465217BF248004435FA /* Frameworks */ = {
			isa = PBXFrameworksBuildPhase;
			buildActionMask = 2147483647;
			files = (
				268E1A9ED6C002F1389732BE /* Pods_ListDetailCodingExercise.framework in Frameworks */,
			);
			runOnlyForDeploymentPostprocessing = 0;
		};
		D3A58479217BF249004435FA /* Frameworks */ = {
			isa = PBXFrameworksBuildPhase;
			buildActionMask = 2147483647;
			files = (
				A9D70E983C6F6160DC620C25 /* Pods_ListDetailCodingExerciseTests.framework in Frameworks */,
			);
			runOnlyForDeploymentPostprocessing = 0;
		};
		D3A58484217BF249004435FA /* Frameworks */ = {
			isa = PBXFrameworksBuildPhase;
			buildActionMask = 2147483647;
			files = (
				0AB7FB83D1E0E7B0E39EBC6C /* Pods_ListDetailCodingExerciseUITests.framework in Frameworks */,
			);
			runOnlyForDeploymentPostprocessing = 0;
		};
/* End PBXFrameworksBuildPhase section */

/* Begin PBXGroup section */
		5194122DCC2D3A1FF73E3A1B /* Pods */ = {
			isa = PBXGroup;
			children = (
				4D5B71052C2F61511B45118A /* Pods-ListDetailCodingExercise.debug.xcconfig */,
				D30433F543D6FAF62BEF99E6 /* Pods-ListDetailCodingExercise.release.xcconfig */,
				0ACC176A8E958C3E02F8BA30 /* Pods-ListDetailCodingExerciseTests.debug.xcconfig */,
				90288B132DBA67CDAB2784EB /* Pods-ListDetailCodingExerciseTests.release.xcconfig */,
				5CEFFEBFA74E5F368DAD9D98 /* Pods-ListDetailCodingExerciseUITests.debug.xcconfig */,
				50E9F1413A115B592714A579 /* Pods-ListDetailCodingExerciseUITests.release.xcconfig */,
			);
			name = Pods;
			sourceTree = "<group>";
		};
		AAE4FD9BFAF2EC05DCD73F50 /* Frameworks */ = {
			isa = PBXGroup;
			children = (
				C78943BA0D6CDD1626C404C5 /* Pods_ListDetailCodingExercise.framework */,
				36C768D644CD2A09BE5D88E7 /* Pods_ListDetailCodingExerciseTests.framework */,
				AB8D6D90844DB6E520087726 /* Pods_ListDetailCodingExerciseUITests.framework */,
			);
			name = Frameworks;
			sourceTree = "<group>";
		};
		D38D0CC921838A4300289A7F /* Detail */ = {
			isa = PBXGroup;
			children = (
				D3A584D4217C242C004435FA /* ProCompanyDetailViewController.swift */,
				D3A584DA217C2601004435FA /* ProCompanyDetailViewController.xib */,
			);
			path = Detail;
			sourceTree = "<group>";
		};
		D3A5845F217BF248004435FA = {
			isa = PBXGroup;
			children = (
				D3A5846A217BF248004435FA /* ListDetailCodingExercise */,
				D3A5847F217BF249004435FA /* ListDetailCodingExerciseTests */,
				D3A5848A217BF249004435FA /* ListDetailCodingExerciseUITests */,
				D3A5849B217BF4C2004435FA /* .gitignore */,
				D3A5849D217BF58A004435FA /* .swiftlint.yml */,
				D3A58499217BF2F9004435FA /* Podfile */,
				D3A584A8217BFAC5004435FA /* Podfile.lock */,
				D3A584DC217C284A004435FA /* README.md */,
				D3A58469217BF248004435FA /* Products */,
				5194122DCC2D3A1FF73E3A1B /* Pods */,
				AAE4FD9BFAF2EC05DCD73F50 /* Frameworks */,
			);
			sourceTree = "<group>";
		};
		D3A58469217BF248004435FA /* Products */ = {
			isa = PBXGroup;
			children = (
				D3A58468217BF248004435FA /* ListDetailCodingExercise.app */,
				D3A5847C217BF249004435FA /* ListDetailCodingExerciseTests.xctest */,
				D3A58487217BF249004435FA /* ListDetailCodingExerciseUITests.xctest */,
			);
			name = Products;
			sourceTree = "<group>";
		};
		D3A5846A217BF248004435FA /* ListDetailCodingExercise */ = {
			isa = PBXGroup;
			children = (
				D3A584B4217C079F004435FA /* Data */,
				D3A584AA217BFAF0004435FA /* Resources */,
				D3A584A5217BFA2A004435FA /* SupportingFiles */,
				D3A584A4217BFA20004435FA /* UI */,
				D3A584E4217C32BC004435FA /* Utils */,
			);
			path = ListDetailCodingExercise;
			sourceTree = "<group>";
		};
		D3A5847F217BF249004435FA /* ListDetailCodingExerciseTests */ = {
			isa = PBXGroup;
			children = (
				D3A58480217BF249004435FA /* ListDetailCodingExerciseTests.swift */,
				D3A58482217BF249004435FA /* Info.plist */,
			);
			path = ListDetailCodingExerciseTests;
			sourceTree = "<group>";
		};
		D3A5848A217BF249004435FA /* ListDetailCodingExerciseUITests */ = {
			isa = PBXGroup;
			children = (
				D3A5848B217BF249004435FA /* ListDetailCodingExerciseUITests.swift */,
				D3A5848D217BF249004435FA /* Info.plist */,
			);
			path = ListDetailCodingExerciseUITests;
			sourceTree = "<group>";
		};
		D3A584A4217BFA20004435FA /* UI */ = {
			isa = PBXGroup;
			children = (
				D3A584E7217C35D9004435FA /* Components */,
				D3A584C4217C0C02004435FA /* ProCompany */,
				D3A584B2217C059E004435FA /* Main.storyboard */,
			);
			path = UI;
			sourceTree = "<group>";
		};
		D3A584A5217BFA2A004435FA /* SupportingFiles */ = {
			isa = PBXGroup;
			children = (
				D3A5846B217BF248004435FA /* AppDelegate.swift */,
				D3A58477217BF249004435FA /* Info.plist */,
				D3A58474217BF249004435FA /* LaunchScreen.storyboard */,
			);
			path = SupportingFiles;
			sourceTree = "<group>";
		};
		D3A584AA217BFAF0004435FA /* Resources */ = {
			isa = PBXGroup;
			children = (
				D3A58472217BF249004435FA /* Assets.xcassets */,
				D3A584E2217C3258004435FA /* Colors.xcassets */,
			);
			path = Resources;
			sourceTree = "<group>";
		};
		D3A584B4217C079F004435FA /* Data */ = {
			isa = PBXGroup;
			children = (
				D3A584B8217C07EF004435FA /* Models */,
				D3A584B9217C07FA004435FA /* Network */,
			);
			path = Data;
			sourceTree = "<group>";
		};
		D3A584B8217C07EF004435FA /* Models */ = {
			isa = PBXGroup;
			children = (
				D3A584C0217C0AAE004435FA /* ProCompany.swift */,
			);
			path = Models;
			sourceTree = "<group>";
		};
		D3A584B9217C07FA004435FA /* Network */ = {
			isa = PBXGroup;
			children = (
				D3A584CD217C12C1004435FA /* Shared */,
				D3A584BA217C0837004435FA /* ProCompanyEndpoint.swift */,
				D3A584CB217C1171004435FA /* ProCompanyRepository.swift */,
				D3A584BC217C083F004435FA /* ProCompanyService.swift */,
			);
			path = Network;
			sourceTree = "<group>";
		};
		D3A584C4217C0C02004435FA /* ProCompany */ = {
			isa = PBXGroup;
			children = (
				D38D0CC921838A4300289A7F /* Detail */,
				D3A584C5217C0C39004435FA /* ProCompanyListPresenter.swift */,
				D3A5846D217BF248004435FA /* ProCompanyListViewController.swift */,
				D3A584D2217C1BC7004435FA /* ProCompanyListViewModel.swift */,
				D3A584D0217C1577004435FA /* ProCompanyTableViewCell.swift */,
				D3A584CE217C156C004435FA /* ProCompanyTableViewCell.xib */,
				D3A584C7217C0CA9004435FA /* ProCompanyViewable.swift */,
				D3A584C9217C0CEB004435FA /* ProCompanyViewModel.swift */,
			);
			path = ProCompany;
			sourceTree = "<group>";
		};
		D3A584CD217C12C1004435FA /* Shared */ = {
			isa = PBXGroup;
			children = (
				D3A584BE217C092E004435FA /* BaseService.swift */,
			);
			path = Shared;
			sourceTree = "<group>";
		};
		D3A584E4217C32BC004435FA /* Utils */ = {
			isa = PBXGroup;
			children = (
				D3A584E5217C32CE004435FA /* ApplicationColor.swift */,
			);
			path = Utils;
			sourceTree = "<group>";
		};
		D3A584E7217C35D9004435FA /* Components */ = {
			isa = PBXGroup;
			children = (
				D3A584E0217C2FD4004435FA /* CallToActionButton.swift */,
			);
			path = Components;
			sourceTree = "<group>";
		};
/* End PBXGroup section */

/* Begin PBXNativeTarget section */
		D3A58467217BF248004435FA /* ListDetailCodingExercise */ = {
			isa = PBXNativeTarget;
			buildConfigurationList = D3A58490217BF249004435FA /* Build configuration list for PBXNativeTarget "ListDetailCodingExercise" */;
			buildPhases = (
				980F402E9D2C13C264A56FB4 /* [CP] Check Pods Manifest.lock */,
				D3A58464217BF248004435FA /* Sources */,
				D3A58465217BF248004435FA /* Frameworks */,
				D3A58466217BF248004435FA /* Resources */,
				D3A584A3217BF773004435FA /* Swiftlint */,
				DF05EEAE94C01ED3FE2DCE3C /* [CP] Embed Pods Frameworks */,
			);
			buildRules = (
			);
			dependencies = (
			);
			name = ListDetailCodingExercise;
			productName = ListDetailCodingExercise;
			productReference = D3A58468217BF248004435FA /* ListDetailCodingExercise.app */;
			productType = "com.apple.product-type.application";
		};
		D3A5847B217BF249004435FA /* ListDetailCodingExerciseTests */ = {
			isa = PBXNativeTarget;
			buildConfigurationList = D3A58493217BF249004435FA /* Build configuration list for PBXNativeTarget "ListDetailCodingExerciseTests" */;
			buildPhases = (
				FCEFC30D063FEB760D6307FE /* [CP] Check Pods Manifest.lock */,
				D3A58478217BF249004435FA /* Sources */,
				D3A58479217BF249004435FA /* Frameworks */,
				D3A5847A217BF249004435FA /* Resources */,
			);
			buildRules = (
			);
			dependencies = (
				D3A5847E217BF249004435FA /* PBXTargetDependency */,
			);
			name = ListDetailCodingExerciseTests;
			productName = ListDetailCodingExerciseTests;
			productReference = D3A5847C217BF249004435FA /* ListDetailCodingExerciseTests.xctest */;
			productType = "com.apple.product-type.bundle.unit-test";
		};
		D3A58486217BF249004435FA /* ListDetailCodingExerciseUITests */ = {
			isa = PBXNativeTarget;
			buildConfigurationList = D3A58496217BF249004435FA /* Build configuration list for PBXNativeTarget "ListDetailCodingExerciseUITests" */;
			buildPhases = (
				D79F4A228A7AFD5E27ADEFC5 /* [CP] Check Pods Manifest.lock */,
				D3A58483217BF249004435FA /* Sources */,
				D3A58484217BF249004435FA /* Frameworks */,
				D3A58485217BF249004435FA /* Resources */,
			);
			buildRules = (
			);
			dependencies = (
				D3A58489217BF249004435FA /* PBXTargetDependency */,
			);
			name = ListDetailCodingExerciseUITests;
			productName = ListDetailCodingExerciseUITests;
			productReference = D3A58487217BF249004435FA /* ListDetailCodingExerciseUITests.xctest */;
			productType = "com.apple.product-type.bundle.ui-testing";
		};
/* End PBXNativeTarget section */

/* Begin PBXProject section */
		D3A58460217BF248004435FA /* Project object */ = {
			isa = PBXProject;
			attributes = {
				LastSwiftUpdateCheck = 1000;
				LastUpgradeCheck = 1000;
				ORGANIZATIONNAME = "Kaitlin Davis";
				TargetAttributes = {
					D3A58467217BF248004435FA = {
						CreatedOnToolsVersion = 10.0;
					};
					D3A5847B217BF249004435FA = {
						CreatedOnToolsVersion = 10.0;
						TestTargetID = D3A58467217BF248004435FA;
					};
					D3A58486217BF249004435FA = {
						CreatedOnToolsVersion = 10.0;
						TestTargetID = D3A58467217BF248004435FA;
					};
				};
			};
			buildConfigurationList = D3A58463217BF248004435FA /* Build configuration list for PBXProject "ListDetailCodingExercise" */;
			compatibilityVersion = "Xcode 9.3";
			developmentRegion = en;
			hasScannedForEncodings = 0;
			knownRegions = (
				en,
				Base,
			);
			mainGroup = D3A5845F217BF248004435FA;
			productRefGroup = D3A58469217BF248004435FA /* Products */;
			projectDirPath = "";
			projectRoot = "";
			targets = (
				D3A58467217BF248004435FA /* ListDetailCodingExercise */,
				D3A5847B217BF249004435FA /* ListDetailCodingExerciseTests */,
				D3A58486217BF249004435FA /* ListDetailCodingExerciseUITests */,
			);
		};
/* End PBXProject section */

/* Begin PBXResourcesBuildPhase section */
		D3A58466217BF248004435FA /* Resources */ = {
			isa = PBXResourcesBuildPhase;
			buildActionMask = 2147483647;
			files = (
				D3A58476217BF249004435FA /* LaunchScreen.storyboard in Resources */,
				D3A584A9217BFAC5004435FA /* Podfile.lock in Resources */,
				D3A58473217BF249004435FA /* Assets.xcassets in Resources */,
				D3A584DD217C284A004435FA /* README.md in Resources */,
				D3A584CF217C156C004435FA /* ProCompanyTableViewCell.xib in Resources */,
				D3A584E3217C3258004435FA /* Colors.xcassets in Resources */,
				D3A584B3217C059E004435FA /* Main.storyboard in Resources */,
				D3A584DB217C2601004435FA /* ProCompanyDetailViewController.xib in Resources */,
			);
			runOnlyForDeploymentPostprocessing = 0;
		};
		D3A5847A217BF249004435FA /* Resources */ = {
			isa = PBXResourcesBuildPhase;
			buildActionMask = 2147483647;
			files = (
			);
			runOnlyForDeploymentPostprocessing = 0;
		};
		D3A58485217BF249004435FA /* Resources */ = {
			isa = PBXResourcesBuildPhase;
			buildActionMask = 2147483647;
			files = (
			);
			runOnlyForDeploymentPostprocessing = 0;
		};
/* End PBXResourcesBuildPhase section */

/* Begin PBXShellScriptBuildPhase section */
		980F402E9D2C13C264A56FB4 /* [CP] Check Pods Manifest.lock */ = {
			isa = PBXShellScriptBuildPhase;
			buildActionMask = 2147483647;
			files = (
			);
			inputPaths = (
				"${PODS_PODFILE_DIR_PATH}/Podfile.lock",
				"${PODS_ROOT}/Manifest.lock",
			);
			name = "[CP] Check Pods Manifest.lock";
			outputPaths = (
				"$(DERIVED_FILE_DIR)/Pods-ListDetailCodingExercise-checkManifestLockResult.txt",
			);
			runOnlyForDeploymentPostprocessing = 0;
			shellPath = /bin/sh;
			shellScript = "diff \"${PODS_PODFILE_DIR_PATH}/Podfile.lock\" \"${PODS_ROOT}/Manifest.lock\" > /dev/null\nif [ $? != 0 ] ; then\n    # print error to STDERR\n    echo \"error: The sandbox is not in sync with the Podfile.lock. Run 'pod install' or update your CocoaPods installation.\" >&2\n    exit 1\nfi\n# This output is used by Xcode 'outputs' to avoid re-running this script phase.\necho \"SUCCESS\" > \"${SCRIPT_OUTPUT_FILE_0}\"\n";
			showEnvVarsInLog = 0;
		};
		D3A584A3217BF773004435FA /* Swiftlint */ = {
			isa = PBXShellScriptBuildPhase;
			buildActionMask = 2147483647;
			files = (
			);
			inputPaths = (
			);
			name = Swiftlint;
			outputPaths = (
			);
			runOnlyForDeploymentPostprocessing = 0;
			shellPath = /bin/sh;
			shellScript = "${PODS_ROOT}/SwiftLint/swiftlint\n";
		};
		D79F4A228A7AFD5E27ADEFC5 /* [CP] Check Pods Manifest.lock */ = {
			isa = PBXShellScriptBuildPhase;
			buildActionMask = 2147483647;
			files = (
			);
			inputPaths = (
				"${PODS_PODFILE_DIR_PATH}/Podfile.lock",
				"${PODS_ROOT}/Manifest.lock",
			);
			name = "[CP] Check Pods Manifest.lock";
			outputPaths = (
				"$(DERIVED_FILE_DIR)/Pods-ListDetailCodingExerciseUITests-checkManifestLockResult.txt",
			);
			runOnlyForDeploymentPostprocessing = 0;
			shellPath = /bin/sh;
			shellScript = "diff \"${PODS_PODFILE_DIR_PATH}/Podfile.lock\" \"${PODS_ROOT}/Manifest.lock\" > /dev/null\nif [ $? != 0 ] ; then\n    # print error to STDERR\n    echo \"error: The sandbox is not in sync with the Podfile.lock. Run 'pod install' or update your CocoaPods installation.\" >&2\n    exit 1\nfi\n# This output is used by Xcode 'outputs' to avoid re-running this script phase.\necho \"SUCCESS\" > \"${SCRIPT_OUTPUT_FILE_0}\"\n";
			showEnvVarsInLog = 0;
		};
		DF05EEAE94C01ED3FE2DCE3C /* [CP] Embed Pods Frameworks */ = {
			isa = PBXShellScriptBuildPhase;
			buildActionMask = 2147483647;
			files = (
			);
			inputPaths = (
				"${SRCROOT}/Pods/Target Support Files/Pods-ListDetailCodingExercise/Pods-ListDetailCodingExercise-frameworks.sh",
				"${BUILT_PRODUCTS_DIR}/Alamofire/Alamofire.framework",
				"${BUILT_PRODUCTS_DIR}/Moya/Moya.framework",
				"${BUILT_PRODUCTS_DIR}/Result/Result.framework",
				"${BUILT_PRODUCTS_DIR}/RxSwift/RxSwift.framework",
			);
			name = "[CP] Embed Pods Frameworks";
			outputPaths = (
				"${TARGET_BUILD_DIR}/${FRAMEWORKS_FOLDER_PATH}/Alamofire.framework",
				"${TARGET_BUILD_DIR}/${FRAMEWORKS_FOLDER_PATH}/Moya.framework",
				"${TARGET_BUILD_DIR}/${FRAMEWORKS_FOLDER_PATH}/Result.framework",
				"${TARGET_BUILD_DIR}/${FRAMEWORKS_FOLDER_PATH}/RxSwift.framework",
			);
			runOnlyForDeploymentPostprocessing = 0;
			shellPath = /bin/sh;
			shellScript = "\"${SRCROOT}/Pods/Target Support Files/Pods-ListDetailCodingExercise/Pods-ListDetailCodingExercise-frameworks.sh\"\n";
			showEnvVarsInLog = 0;
		};
		FCEFC30D063FEB760D6307FE /* [CP] Check Pods Manifest.lock */ = {
			isa = PBXShellScriptBuildPhase;
			buildActionMask = 2147483647;
			files = (
			);
			inputPaths = (
				"${PODS_PODFILE_DIR_PATH}/Podfile.lock",
				"${PODS_ROOT}/Manifest.lock",
			);
			name = "[CP] Check Pods Manifest.lock";
			outputPaths = (
				"$(DERIVED_FILE_DIR)/Pods-ListDetailCodingExerciseTests-checkManifestLockResult.txt",
			);
			runOnlyForDeploymentPostprocessing = 0;
			shellPath = /bin/sh;
			shellScript = "diff \"${PODS_PODFILE_DIR_PATH}/Podfile.lock\" \"${PODS_ROOT}/Manifest.lock\" > /dev/null\nif [ $? != 0 ] ; then\n    # print error to STDERR\n    echo \"error: The sandbox is not in sync with the Podfile.lock. Run 'pod install' or update your CocoaPods installation.\" >&2\n    exit 1\nfi\n# This output is used by Xcode 'outputs' to avoid re-running this script phase.\necho \"SUCCESS\" > \"${SCRIPT_OUTPUT_FILE_0}\"\n";
			showEnvVarsInLog = 0;
		};
/* End PBXShellScriptBuildPhase section */

/* Begin PBXSourcesBuildPhase section */
		D3A58464217BF248004435FA /* Sources */ = {
			isa = PBXSourcesBuildPhase;
			buildActionMask = 2147483647;
			files = (
				D3A5846E217BF248004435FA /* ProCompanyListViewController.swift in Sources */,
				D3A584C1217C0AAE004435FA /* ProCompany.swift in Sources */,
				D3A584BD217C083F004435FA /* ProCompanyService.swift in Sources */,
				D3A5846C217BF248004435FA /* AppDelegate.swift in Sources */,
				D3A584BF217C092E004435FA /* BaseService.swift in Sources */,
				D3A584CA217C0CEB004435FA /* ProCompanyViewModel.swift in Sources */,
				D3A584D5217C242C004435FA /* ProCompanyDetailViewController.swift in Sources */,
				D3A584C6217C0C39004435FA /* ProCompanyListPresenter.swift in Sources */,
				D3A584E1217C2FD4004435FA /* CallToActionButton.swift in Sources */,
				D3A584E6217C32CE004435FA /* ApplicationColor.swift in Sources */,
				D3A584D1217C1577004435FA /* ProCompanyTableViewCell.swift in Sources */,
				D3A584D3217C1BC7004435FA /* ProCompanyListViewModel.swift in Sources */,
				D3A584CC217C1171004435FA /* ProCompanyRepository.swift in Sources */,
				D3A584C8217C0CA9004435FA /* ProCompanyViewable.swift in Sources */,
				D3A584BB217C0837004435FA /* ProCompanyEndpoint.swift in Sources */,
			);
			runOnlyForDeploymentPostprocessing = 0;
		};
		D3A58478217BF249004435FA /* Sources */ = {
			isa = PBXSourcesBuildPhase;
			buildActionMask = 2147483647;
			files = (
				D3A58481217BF249004435FA /* ListDetailCodingExerciseTests.swift in Sources */,
			);
			runOnlyForDeploymentPostprocessing = 0;
		};
		D3A58483217BF249004435FA /* Sources */ = {
			isa = PBXSourcesBuildPhase;
			buildActionMask = 2147483647;
			files = (
				D3A5848C217BF249004435FA /* ListDetailCodingExerciseUITests.swift in Sources */,
			);
			runOnlyForDeploymentPostprocessing = 0;
		};
/* End PBXSourcesBuildPhase section */

/* Begin PBXTargetDependency section */
		D3A5847E217BF249004435FA /* PBXTargetDependency */ = {
			isa = PBXTargetDependency;
			target = D3A58467217BF248004435FA /* ListDetailCodingExercise */;
			targetProxy = D3A5847D217BF249004435FA /* PBXContainerItemProxy */;
		};
		D3A58489217BF249004435FA /* PBXTargetDependency */ = {
			isa = PBXTargetDependency;
			target = D3A58467217BF248004435FA /* ListDetailCodingExercise */;
			targetProxy = D3A58488217BF249004435FA /* PBXContainerItemProxy */;
		};
/* End PBXTargetDependency section */

/* Begin PBXVariantGroup section */
		D3A58474217BF249004435FA /* LaunchScreen.storyboard */ = {
			isa = PBXVariantGroup;
			children = (
				D3A58475217BF249004435FA /* Base */,
			);
			name = LaunchScreen.storyboard;
			sourceTree = "<group>";
		};
/* End PBXVariantGroup section */

/* Begin XCBuildConfiguration section */
		D3A5848E217BF249004435FA /* Debug */ = {
			isa = XCBuildConfiguration;
			buildSettings = {
				ALWAYS_SEARCH_USER_PATHS = NO;
				CLANG_ANALYZER_NONNULL = YES;
				CLANG_ANALYZER_NUMBER_OBJECT_CONVERSION = YES_AGGRESSIVE;
				CLANG_CXX_LANGUAGE_STANDARD = "gnu++14";
				CLANG_CXX_LIBRARY = "libc++";
				CLANG_ENABLE_MODULES = YES;
				CLANG_ENABLE_OBJC_ARC = YES;
				CLANG_ENABLE_OBJC_WEAK = YES;
				CLANG_WARN_BLOCK_CAPTURE_AUTORELEASING = YES;
				CLANG_WARN_BOOL_CONVERSION = YES;
				CLANG_WARN_COMMA = YES;
				CLANG_WARN_CONSTANT_CONVERSION = YES;
				CLANG_WARN_DEPRECATED_OBJC_IMPLEMENTATIONS = YES;
				CLANG_WARN_DIRECT_OBJC_ISA_USAGE = YES_ERROR;
				CLANG_WARN_DOCUMENTATION_COMMENTS = YES;
				CLANG_WARN_EMPTY_BODY = YES;
				CLANG_WARN_ENUM_CONVERSION = YES;
				CLANG_WARN_INFINITE_RECURSION = YES;
				CLANG_WARN_INT_CONVERSION = YES;
				CLANG_WARN_NON_LITERAL_NULL_CONVERSION = YES;
				CLANG_WARN_OBJC_IMPLICIT_RETAIN_SELF = YES;
				CLANG_WARN_OBJC_LITERAL_CONVERSION = YES;
				CLANG_WARN_OBJC_ROOT_CLASS = YES_ERROR;
				CLANG_WARN_RANGE_LOOP_ANALYSIS = YES;
				CLANG_WARN_STRICT_PROTOTYPES = YES;
				CLANG_WARN_SUSPICIOUS_MOVE = YES;
				CLANG_WARN_UNGUARDED_AVAILABILITY = YES_AGGRESSIVE;
				CLANG_WARN_UNREACHABLE_CODE = YES;
				CLANG_WARN__DUPLICATE_METHOD_MATCH = YES;
				CODE_SIGN_IDENTITY = "iPhone Developer";
				COPY_PHASE_STRIP = NO;
				DEBUG_INFORMATION_FORMAT = dwarf;
				ENABLE_STRICT_OBJC_MSGSEND = YES;
				ENABLE_TESTABILITY = YES;
				GCC_C_LANGUAGE_STANDARD = gnu11;
				GCC_DYNAMIC_NO_PIC = NO;
				GCC_NO_COMMON_BLOCKS = YES;
				GCC_OPTIMIZATION_LEVEL = 0;
				GCC_PREPROCESSOR_DEFINITIONS = (
					"DEBUG=1",
					"$(inherited)",
				);
				GCC_WARN_64_TO_32_BIT_CONVERSION = YES;
				GCC_WARN_ABOUT_RETURN_TYPE = YES_ERROR;
				GCC_WARN_UNDECLARED_SELECTOR = YES;
				GCC_WARN_UNINITIALIZED_AUTOS = YES_AGGRESSIVE;
				GCC_WARN_UNUSED_FUNCTION = YES;
				GCC_WARN_UNUSED_VARIABLE = YES;
				IPHONEOS_DEPLOYMENT_TARGET = 12.0;
				MTL_ENABLE_DEBUG_INFO = INCLUDE_SOURCE;
				MTL_FAST_MATH = YES;
				ONLY_ACTIVE_ARCH = YES;
				SDKROOT = iphoneos;
				SWIFT_ACTIVE_COMPILATION_CONDITIONS = DEBUG;
				SWIFT_OPTIMIZATION_LEVEL = "-Onone";
			};
			name = Debug;
		};
		D3A5848F217BF249004435FA /* Release */ = {
			isa = XCBuildConfiguration;
			buildSettings = {
				ALWAYS_SEARCH_USER_PATHS = NO;
				CLANG_ANALYZER_NONNULL = YES;
				CLANG_ANALYZER_NUMBER_OBJECT_CONVERSION = YES_AGGRESSIVE;
				CLANG_CXX_LANGUAGE_STANDARD = "gnu++14";
				CLANG_CXX_LIBRARY = "libc++";
				CLANG_ENABLE_MODULES = YES;
				CLANG_ENABLE_OBJC_ARC = YES;
				CLANG_ENABLE_OBJC_WEAK = YES;
				CLANG_WARN_BLOCK_CAPTURE_AUTORELEASING = YES;
				CLANG_WARN_BOOL_CONVERSION = YES;
				CLANG_WARN_COMMA = YES;
				CLANG_WARN_CONSTANT_CONVERSION = YES;
				CLANG_WARN_DEPRECATED_OBJC_IMPLEMENTATIONS = YES;
				CLANG_WARN_DIRECT_OBJC_ISA_USAGE = YES_ERROR;
				CLANG_WARN_DOCUMENTATION_COMMENTS = YES;
				CLANG_WARN_EMPTY_BODY = YES;
				CLANG_WARN_ENUM_CONVERSION = YES;
				CLANG_WARN_INFINITE_RECURSION = YES;
				CLANG_WARN_INT_CONVERSION = YES;
				CLANG_WARN_NON_LITERAL_NULL_CONVERSION = YES;
				CLANG_WARN_OBJC_IMPLICIT_RETAIN_SELF = YES;
				CLANG_WARN_OBJC_LITERAL_CONVERSION = YES;
				CLANG_WARN_OBJC_ROOT_CLASS = YES_ERROR;
				CLANG_WARN_RANGE_LOOP_ANALYSIS = YES;
				CLANG_WARN_STRICT_PROTOTYPES = YES;
				CLANG_WARN_SUSPICIOUS_MOVE = YES;
				CLANG_WARN_UNGUARDED_AVAILABILITY = YES_AGGRESSIVE;
				CLANG_WARN_UNREACHABLE_CODE = YES;
				CLANG_WARN__DUPLICATE_METHOD_MATCH = YES;
				CODE_SIGN_IDENTITY = "iPhone Developer";
				COPY_PHASE_STRIP = NO;
				DEBUG_INFORMATION_FORMAT = "dwarf-with-dsym";
				ENABLE_NS_ASSERTIONS = NO;
				ENABLE_STRICT_OBJC_MSGSEND = YES;
				GCC_C_LANGUAGE_STANDARD = gnu11;
				GCC_NO_COMMON_BLOCKS = YES;
				GCC_WARN_64_TO_32_BIT_CONVERSION = YES;
				GCC_WARN_ABOUT_RETURN_TYPE = YES_ERROR;
				GCC_WARN_UNDECLARED_SELECTOR = YES;
				GCC_WARN_UNINITIALIZED_AUTOS = YES_AGGRESSIVE;
				GCC_WARN_UNUSED_FUNCTION = YES;
				GCC_WARN_UNUSED_VARIABLE = YES;
				IPHONEOS_DEPLOYMENT_TARGET = 12.0;
				MTL_ENABLE_DEBUG_INFO = NO;
				MTL_FAST_MATH = YES;
				SDKROOT = iphoneos;
				SWIFT_COMPILATION_MODE = wholemodule;
				SWIFT_OPTIMIZATION_LEVEL = "-O";
				VALIDATE_PRODUCT = YES;
			};
			name = Release;
		};
		D3A58491217BF249004435FA /* Debug */ = {
			isa = XCBuildConfiguration;
			baseConfigurationReference = 4D5B71052C2F61511B45118A /* Pods-ListDetailCodingExercise.debug.xcconfig */;
			buildSettings = {
				ASSETCATALOG_COMPILER_APPICON_NAME = AppIcon;
				CODE_SIGN_STYLE = Automatic;
				DEVELOPMENT_TEAM = B2THL2Y94D;
				INFOPLIST_FILE = ListDetailCodingExercise/SupportingFiles/Info.plist;
				IPHONEOS_DEPLOYMENT_TARGET = 12.0;
				LD_RUNPATH_SEARCH_PATHS = (
					"$(inherited)",
					"@executable_path/Frameworks",
				);
				PRODUCT_BUNDLE_IDENTIFIER = "com.kaitlin-davis.ListDetailCodingExercise";
				PRODUCT_NAME = "$(TARGET_NAME)";
				SWIFT_VERSION = 4.2;
				TARGETED_DEVICE_FAMILY = "1,2";
			};
			name = Debug;
		};
		D3A58492217BF249004435FA /* Release */ = {
			isa = XCBuildConfiguration;
			baseConfigurationReference = D30433F543D6FAF62BEF99E6 /* Pods-ListDetailCodingExercise.release.xcconfig */;
			buildSettings = {
				ASSETCATALOG_COMPILER_APPICON_NAME = AppIcon;
				CODE_SIGN_STYLE = Automatic;
				DEVELOPMENT_TEAM = B2THL2Y94D;
				INFOPLIST_FILE = ListDetailCodingExercise/SupportingFiles/Info.plist;
				IPHONEOS_DEPLOYMENT_TARGET = 12.0;
				LD_RUNPATH_SEARCH_PATHS = (
					"$(inherited)",
					"@executable_path/Frameworks",
				);
				PRODUCT_BUNDLE_IDENTIFIER = "com.kaitlin-davis.ListDetailCodingExercise";
				PRODUCT_NAME = "$(TARGET_NAME)";
				SWIFT_VERSION = 4.2;
				TARGETED_DEVICE_FAMILY = "1,2";
			};
			name = Release;
		};
		D3A58494217BF249004435FA /* Debug */ = {
			isa = XCBuildConfiguration;
			baseConfigurationReference = 0ACC176A8E958C3E02F8BA30 /* Pods-ListDetailCodingExerciseTests.debug.xcconfig */;
			buildSettings = {
				ALWAYS_EMBED_SWIFT_STANDARD_LIBRARIES = YES;
				BUNDLE_LOADER = "$(TEST_HOST)";
				CODE_SIGN_STYLE = Automatic;
				DEVELOPMENT_TEAM = B2THL2Y94D;
				INFOPLIST_FILE = ListDetailCodingExerciseTests/Info.plist;
				LD_RUNPATH_SEARCH_PATHS = (
					"$(inherited)",
					"@executable_path/Frameworks",
					"@loader_path/Frameworks",
				);
				PRODUCT_BUNDLE_IDENTIFIER = "com.kaitlin-davis.ListDetailCodingExerciseTests";
				PRODUCT_NAME = "$(TARGET_NAME)";
				SWIFT_VERSION = 4.2;
				TARGETED_DEVICE_FAMILY = "1,2";
				TEST_HOST = "$(BUILT_PRODUCTS_DIR)/ListDetailCodingExercise.app/ListDetailCodingExercise";
			};
			name = Debug;
		};
		D3A58495217BF249004435FA /* Release */ = {
			isa = XCBuildConfiguration;
			baseConfigurationReference = 90288B132DBA67CDAB2784EB /* Pods-ListDetailCodingExerciseTests.release.xcconfig */;
			buildSettings = {
				ALWAYS_EMBED_SWIFT_STANDARD_LIBRARIES = YES;
				BUNDLE_LOADER = "$(TEST_HOST)";
				CODE_SIGN_STYLE = Automatic;
				DEVELOPMENT_TEAM = B2THL2Y94D;
				INFOPLIST_FILE = ListDetailCodingExerciseTests/Info.plist;
				LD_RUNPATH_SEARCH_PATHS = (
					"$(inherited)",
					"@executable_path/Frameworks",
					"@loader_path/Frameworks",
				);
				PRODUCT_BUNDLE_IDENTIFIER = "com.kaitlin-davis.ListDetailCodingExerciseTests";
				PRODUCT_NAME = "$(TARGET_NAME)";
				SWIFT_VERSION = 4.2;
				TARGETED_DEVICE_FAMILY = "1,2";
				TEST_HOST = "$(BUILT_PRODUCTS_DIR)/ListDetailCodingExercise.app/ListDetailCodingExercise";
			};
			name = Release;
		};
		D3A58497217BF249004435FA /* Debug */ = {
			isa = XCBuildConfiguration;
			baseConfigurationReference = 5CEFFEBFA74E5F368DAD9D98 /* Pods-ListDetailCodingExerciseUITests.debug.xcconfig */;
			buildSettings = {
				ALWAYS_EMBED_SWIFT_STANDARD_LIBRARIES = YES;
				CODE_SIGN_STYLE = Automatic;
				DEVELOPMENT_TEAM = B2THL2Y94D;
				INFOPLIST_FILE = ListDetailCodingExerciseUITests/Info.plist;
				LD_RUNPATH_SEARCH_PATHS = (
					"$(inherited)",
					"@executable_path/Frameworks",
					"@loader_path/Frameworks",
				);
				PRODUCT_BUNDLE_IDENTIFIER = "com.kaitlin-davis.ListDetailCodingExerciseUITests";
				PRODUCT_NAME = "$(TARGET_NAME)";
				SWIFT_VERSION = 4.2;
				TARGETED_DEVICE_FAMILY = "1,2";
				TEST_TARGET_NAME = ListDetailCodingExercise;
			};
			name = Debug;
		};
		D3A58498217BF249004435FA /* Release */ = {
			isa = XCBuildConfiguration;
			baseConfigurationReference = 50E9F1413A115B592714A579 /* Pods-ListDetailCodingExerciseUITests.release.xcconfig */;
			buildSettings = {
				ALWAYS_EMBED_SWIFT_STANDARD_LIBRARIES = YES;
				CODE_SIGN_STYLE = Automatic;
				DEVELOPMENT_TEAM = B2THL2Y94D;
				INFOPLIST_FILE = ListDetailCodingExerciseUITests/Info.plist;
				LD_RUNPATH_SEARCH_PATHS = (
					"$(inherited)",
					"@executable_path/Frameworks",
					"@loader_path/Frameworks",
				);
				PRODUCT_BUNDLE_IDENTIFIER = "com.kaitlin-davis.ListDetailCodingExerciseUITests";
				PRODUCT_NAME = "$(TARGET_NAME)";
				SWIFT_VERSION = 4.2;
				TARGETED_DEVICE_FAMILY = "1,2";
				TEST_TARGET_NAME = ListDetailCodingExercise;
			};
			name = Release;
		};
/* End XCBuildConfiguration section */

/* Begin XCConfigurationList section */
		D3A58463217BF248004435FA /* Build configuration list for PBXProject "ListDetailCodingExercise" */ = {
			isa = XCConfigurationList;
			buildConfigurations = (
				D3A5848E217BF249004435FA /* Debug */,
				D3A5848F217BF249004435FA /* Release */,
			);
			defaultConfigurationIsVisible = 0;
			defaultConfigurationName = Release;
		};
		D3A58490217BF249004435FA /* Build configuration list for PBXNativeTarget "ListDetailCodingExercise" */ = {
			isa = XCConfigurationList;
			buildConfigurations = (
				D3A58491217BF249004435FA /* Debug */,
				D3A58492217BF249004435FA /* Release */,
			);
			defaultConfigurationIsVisible = 0;
			defaultConfigurationName = Release;
		};
		D3A58493217BF249004435FA /* Build configuration list for PBXNativeTarget "ListDetailCodingExerciseTests" */ = {
			isa = XCConfigurationList;
			buildConfigurations = (
				D3A58494217BF249004435FA /* Debug */,
				D3A58495217BF249004435FA /* Release */,
			);
			defaultConfigurationIsVisible = 0;
			defaultConfigurationName = Release;
		};
		D3A58496217BF249004435FA /* Build configuration list for PBXNativeTarget "ListDetailCodingExerciseUITests" */ = {
			isa = XCConfigurationList;
			buildConfigurations = (
				D3A58497217BF249004435FA /* Debug */,
				D3A58498217BF249004435FA /* Release */,
			);
			defaultConfigurationIsVisible = 0;
			defaultConfigurationName = Release;
		};
/* End XCConfigurationList section */
	};
	rootObject = D3A58460217BF248004435FA /* Project object */;
}
